
Microsoft Visual Studio Solution File, Format Version 12.00
# Visual Studio 14
VisualStudioVersion = 14.0.23107.0
MinimumVisualStudioVersion = 10.0.40219.1
Project("{FAE04EC0-301F-11D3-BF4B-00C04F79EFBC}") = "Data.gov.ua", "Data.gov.ua\Data.gov.ua.csproj", "{65DF8496-FC6B-486F-9D68-012FB4E5B5D0}"
EndProject
Project("{FAE04EC0-301F-11D3-BF4B-00C04F79EFBC}") = "Data.gov.ua.Tests", "Data.gov.ua.Tests\Data.gov.ua.Tests.csproj", "{F2855630-8625-4931-83E0-A4383A308D12}"
EndProject
Project("{FAE04EC0-301F-11D3-BF4B-00C04F79EFBC}") = "OwinSelfHosting", "OwinSelfHosting\OwinSelfHosting.csproj", "{E70CAA8B-AB73-45CB-8182-FF54C2838860}"
EndProject
Global
	GlobalSection(SolutionConfigurationPlatforms) = preSolution
		Debug|Any CPU = Debug|Any CPU
		Release|Any CPU = Release|Any CPU
	EndGlobalSection
	GlobalSection(ProjectConfigurationPlatforms) = postSolution
		{65DF8496-FC6B-486F-9D68-012FB4E5B5D0}.Debug|Any CPU.ActiveCfg = Debug|Any CPU
		{65DF8496-FC6B-486F-9D68-012FB4E5B5D0}.Debug|Any CPU.Build.0 = Debug|Any CPU
		{65DF8496-FC6B-486F-9D68-012FB4E5B5D0}.Release|Any CPU.ActiveCfg = Release|Any CPU
		{65DF8496-FC6B-486F-9D68-012FB4E5B5D0}.Release|Any CPU.Build.0 = Release|Any CPU
		{F2855630-8625-4931-83E0-A4383A308D12}.Debug|Any CPU.ActiveCfg = Debug|Any CPU
		{F2855630-8625-4931-83E0-A4383A308D12}.Debug|Any CPU.Build.0 = Debug|Any CPU
		{F2855630-8625-4931-83E0-A4383A308D12}.Release|Any CPU.ActiveCfg = Release|Any CPU
		{F2855630-8625-4931-83E0-A4383A308D12}.Release|Any CPU.Build.0 = Release|Any CPU
		{E70CAA8B-AB73-45CB-8182-FF54C2838860}.Debug|Any CPU.ActiveCfg = Debug|Any CPU
		{E70CAA8B-AB73-45CB-8182-FF54C2838860}.Debug|Any CPU.Build.0 = Debug|Any CPU
		{E70CAA8B-AB73-45CB-8182-FF54C2838860}.Release|Any CPU.ActiveCfg = Release|Any CPU
		{E70CAA8B-AB73-45CB-8182-FF54C2838860}.Release|Any CPU.Build.0 = Release|Any CPU
	EndGlobalSection
	GlobalSection(SolutionProperties) = preSolution
		HideSolutionNode = FALSE
	EndGlobalSection
EndGlobal
